// !$*UTF8*$!
{
	archiveVersion = 1;
	classes = {
	};
	objectVersion = 56;
	objects = {

/* Begin PBXBuildFile section */
		4FA74A662A91E52900E092C0 /* VolumesViewModel.mm in Sources */ = {isa = PBXBuildFile; fileRef = 4FA74A652A91E52900E092C0 /* VolumesViewModel.mm */; };
		4FA74A692A91E63700E092C0 /* VolumesSectionModel.mm in Sources */ = {isa = PBXBuildFile; fileRef = 4FA74A682A91E63700E092C0 /* VolumesSectionModel.mm */; };
		4FA74A6C2A91E64000E092C0 /* VolumesItemModel.mm in Sources */ = {isa = PBXBuildFile; fileRef = 4FA74A6B2A91E64000E092C0 /* VolumesItemModel.mm */; };
		4FA74A722A91F7F900E092C0 /* VolumesVolumeCollectionViewItem.mm in Sources */ = {isa = PBXBuildFile; fileRef = 4FA74A712A91F7F900E092C0 /* VolumesVolumeCollectionViewItem.mm */; };
		4FA74A762A91F90100E092C0 /* NSTextField+LabelStyle.mm in Sources */ = {isa = PBXBuildFile; fileRef = 4FA74A752A91F90100E092C0 /* NSTextField+LabelStyle.mm */; };
		4FA74A7E2A92588900E092C0 /* AnalyzeWindow.mm in Sources */ = {isa = PBXBuildFile; fileRef = 4FA74A7D2A92588900E092C0 /* AnalyzeWindow.mm */; };
		4FCE0F692A911C0F00ADF32B /* AppDelegate.mm in Sources */ = {isa = PBXBuildFile; fileRef = 4FCE0F682A911C0F00ADF32B /* AppDelegate.mm */; };
		4FCE0F6E2A911C1200ADF32B /* Assets.xcassets in Resources */ = {isa = PBXBuildFile; fileRef = 4FCE0F6D2A911C1200ADF32B /* Assets.xcassets */; };
		4FCE0F732A911C1200ADF32B /* main.mm in Sources */ = {isa = PBXBuildFile; fileRef = 4FCE0F722A911C1200ADF32B /* main.mm */; };
		4FCE0F7E2A911C4700ADF32B /* Cocoa.framework in Frameworks */ = {isa = PBXBuildFile; fileRef = 4FCE0F7D2A911C4700ADF32B /* Cocoa.framework */; };
		4FCE0F822A911DE600ADF32B /* VolumesWindow.mm in Sources */ = {isa = PBXBuildFile; fileRef = 4FCE0F812A911DE600ADF32B /* VolumesWindow.mm */; };
		4FCE0F852A911E0D00ADF32B /* NSObject+Foundation_IvarDescription.mm in Sources */ = {isa = PBXBuildFile; fileRef = 4FCE0F842A911E0D00ADF32B /* NSObject+Foundation_IvarDescription.mm */; };
		4FCE0F872A911FAA00ADF32B /* Localizable.xcstrings in Resources */ = {isa = PBXBuildFile; fileRef = 4FCE0F862A911FAA00ADF32B /* Localizable.xcstrings */; };
		4FCE0F8A2A9121BF00ADF32B /* VolumesViewController.mm in Sources */ = {isa = PBXBuildFile; fileRef = 4FCE0F892A9121BF00ADF32B /* VolumesViewController.mm */; };
/* End PBXBuildFile section */

/* Begin PBXFileReference section */
		4FA74A642A91E52900E092C0 /* VolumesViewModel.hpp */ = {isa = PBXFileReference; lastKnownFileType = sourcecode.cpp.h; path = VolumesViewModel.hpp; sourceTree = "<group>"; };
		4FA74A652A91E52900E092C0 /* VolumesViewModel.mm */ = {isa = PBXFileReference; lastKnownFileType = sourcecode.cpp.objcpp; path = VolumesViewModel.mm; sourceTree = "<group>"; };
		4FA74A672A91E63700E092C0 /* VolumesSectionModel.hpp */ = {isa = PBXFileReference; lastKnownFileType = sourcecode.cpp.h; path = VolumesSectionModel.hpp; sourceTree = "<group>"; };
		4FA74A682A91E63700E092C0 /* VolumesSectionModel.mm */ = {isa = PBXFileReference; lastKnownFileType = sourcecode.cpp.objcpp; path = VolumesSectionModel.mm; sourceTree = "<group>"; };
		4FA74A6A2A91E63F00E092C0 /* VolumesItemModel.hpp */ = {isa = PBXFileReference; lastKnownFileType = sourcecode.cpp.h; path = VolumesItemModel.hpp; sourceTree = "<group>"; };
		4FA74A6B2A91E64000E092C0 /* VolumesItemModel.mm */ = {isa = PBXFileReference; lastKnownFileType = sourcecode.cpp.objcpp; path = VolumesItemModel.mm; sourceTree = "<group>"; };
		4FA74A702A91F7F900E092C0 /* VolumesVolumeCollectionViewItem.hpp */ = {isa = PBXFileReference; lastKnownFileType = sourcecode.cpp.h; path = VolumesVolumeCollectionViewItem.hpp; sourceTree = "<group>"; };
		4FA74A712A91F7F900E092C0 /* VolumesVolumeCollectionViewItem.mm */ = {isa = PBXFileReference; lastKnownFileType = sourcecode.cpp.objcpp; path = VolumesVolumeCollectionViewItem.mm; sourceTree = "<group>"; };
		4FA74A742A91F90100E092C0 /* NSTextField+LabelStyle.hpp */ = {isa = PBXFileReference; lastKnownFileType = sourcecode.cpp.h; path = "NSTextField+LabelStyle.hpp"; sourceTree = "<group>"; };
		4FA74A752A91F90100E092C0 /* NSTextField+LabelStyle.mm */ = {isa = PBXFileReference; lastKnownFileType = sourcecode.cpp.objcpp; path = "NSTextField+LabelStyle.mm"; sourceTree = "<group>"; };
		4FA74A7C2A92588900E092C0 /* AnalyzeWindow.hpp */ = {isa = PBXFileReference; lastKnownFileType = sourcecode.cpp.h; path = AnalyzeWindow.hpp; sourceTree = "<group>"; };
		4FA74A7D2A92588900E092C0 /* AnalyzeWindow.mm */ = {isa = PBXFileReference; lastKnownFileType = sourcecode.cpp.objcpp; path = AnalyzeWindow.mm; sourceTree = "<group>"; };
		4FCE0F642A911C0F00ADF32B /* DiskAnalyzer.app */ = {isa = PBXFileReference; explicitFileType = wrapper.application; includeInIndex = 0; path = DiskAnalyzer.app; sourceTree = BUILT_PRODUCTS_DIR; };
		4FCE0F672A911C0F00ADF32B /* AppDelegate.hpp */ = {isa = PBXFileReference; lastKnownFileType = sourcecode.cpp.h; path = AppDelegate.hpp; sourceTree = "<group>"; };
		4FCE0F682A911C0F00ADF32B /* AppDelegate.mm */ = {isa = PBXFileReference; lastKnownFileType = sourcecode.cpp.objcpp; path = AppDelegate.mm; sourceTree = "<group>"; };
		4FCE0F6D2A911C1200ADF32B /* Assets.xcassets */ = {isa = PBXFileReference; lastKnownFileType = folder.assetcatalog; path = Assets.xcassets; sourceTree = "<group>"; };
		4FCE0F722A911C1200ADF32B /* main.mm */ = {isa = PBXFileReference; lastKnownFileType = sourcecode.cpp.objcpp; path = main.mm; sourceTree = "<group>"; };
		4FCE0F742A911C1200ADF32B /* DiskAnalyzer.entitlements */ = {isa = PBXFileReference; lastKnownFileType = text.plist.entitlements; path = DiskAnalyzer.entitlements; sourceTree = "<group>"; };
		4FCE0F7B2A911C3800ADF32B /* AppKit.framework */ = {isa = PBXFileReference; lastKnownFileType = wrapper.framework; name = AppKit.framework; path = System/Library/Frameworks/AppKit.framework; sourceTree = SDKROOT; };
		4FCE0F7D2A911C4700ADF32B /* Cocoa.framework */ = {isa = PBXFileReference; lastKnownFileType = wrapper.framework; name = Cocoa.framework; path = System/Library/Frameworks/Cocoa.framework; sourceTree = SDKROOT; };
		4FCE0F802A911DE600ADF32B /* VolumesWindow.hpp */ = {isa = PBXFileReference; lastKnownFileType = sourcecode.cpp.h; path = VolumesWindow.hpp; sourceTree = "<group>"; };
		4FCE0F812A911DE600ADF32B /* VolumesWindow.mm */ = {isa = PBXFileReference; lastKnownFileType = sourcecode.cpp.objcpp; path = VolumesWindow.mm; sourceTree = "<group>"; };
		4FCE0F832A911E0D00ADF32B /* NSObject+Foundation_IvarDescription.hpp */ = {isa = PBXFileReference; fileEncoding = 4; lastKnownFileType = sourcecode.cpp.h; path = "NSObject+Foundation_IvarDescription.hpp"; sourceTree = "<group>"; };
		4FCE0F842A911E0D00ADF32B /* NSObject+Foundation_IvarDescription.mm */ = {isa = PBXFileReference; fileEncoding = 4; lastKnownFileType = sourcecode.cpp.objcpp; path = "NSObject+Foundation_IvarDescription.mm"; sourceTree = "<group>"; };
		4FCE0F862A911FAA00ADF32B /* Localizable.xcstrings */ = {isa = PBXFileReference; lastKnownFileType = text.json.xcstrings; path = Localizable.xcstrings; sourceTree = "<group>"; };
		4FCE0F882A9121BF00ADF32B /* VolumesViewController.hpp */ = {isa = PBXFileReference; lastKnownFileType = sourcecode.cpp.h; path = VolumesViewController.hpp; sourceTree = "<group>"; };
		4FCE0F892A9121BF00ADF32B /* VolumesViewController.mm */ = {isa = PBXFileReference; lastKnownFileType = sourcecode.cpp.objcpp; path = VolumesViewController.mm; sourceTree = "<group>"; };
/* End PBXFileReference section */

/* Begin PBXFrameworksBuildPhase section */
		4FCE0F612A911C0F00ADF32B /* Frameworks */ = {
			isa = PBXFrameworksBuildPhase;
			buildActionMask = 2147483647;
			files = (
				4FCE0F7E2A911C4700ADF32B /* Cocoa.framework in Frameworks */,
			);
			runOnlyForDeploymentPostprocessing = 0;
		};
/* End PBXFrameworksBuildPhase section */

/* Begin PBXGroup section */
		4FA74A732A91F8E300E092C0 /* Categories */ = {
			isa = PBXGroup;
			children = (
				4FCE0F832A911E0D00ADF32B /* NSObject+Foundation_IvarDescription.hpp */,
				4FCE0F842A911E0D00ADF32B /* NSObject+Foundation_IvarDescription.mm */,
				4FA74A742A91F90100E092C0 /* NSTextField+LabelStyle.hpp */,
				4FA74A752A91F90100E092C0 /* NSTextField+LabelStyle.mm */,
			);
			path = Categories;
			sourceTree = "<group>";
		};
		4FA74A7B2A92586800E092C0 /* Analyze */ = {
			isa = PBXGroup;
			children = (
				4FA74A7C2A92588900E092C0 /* AnalyzeWindow.hpp */,
				4FA74A7D2A92588900E092C0 /* AnalyzeWindow.mm */,
			);
			path = Analyze;
			sourceTree = "<group>";
		};
		4FCE0F5B2A911C0F00ADF32B = {
			isa = PBXGroup;
			children = (
				4FCE0F662A911C0F00ADF32B /* DiskAnalyzer */,
				4FCE0F652A911C0F00ADF32B /* Products */,
				4FCE0F7A2A911C3800ADF32B /* Frameworks */,
			);
			sourceTree = "<group>";
		};
		4FCE0F652A911C0F00ADF32B /* Products */ = {
			isa = PBXGroup;
			children = (
				4FCE0F642A911C0F00ADF32B /* DiskAnalyzer.app */,
			);
			name = Products;
			sourceTree = "<group>";
		};
		4FCE0F662A911C0F00ADF32B /* DiskAnalyzer */ = {
			isa = PBXGroup;
			children = (
				4FCE0F672A911C0F00ADF32B /* AppDelegate.hpp */,
				4FCE0F682A911C0F00ADF32B /* AppDelegate.mm */,
				4FA74A732A91F8E300E092C0 /* Categories */,
				4FCE0F7F2A911DCB00ADF32B /* Volumes */,
				4FA74A7B2A92586800E092C0 /* Analyze */,
				4FCE0F6D2A911C1200ADF32B /* Assets.xcassets */,
				4FCE0F722A911C1200ADF32B /* main.mm */,
				4FCE0F742A911C1200ADF32B /* DiskAnalyzer.entitlements */,
				4FCE0F862A911FAA00ADF32B /* Localizable.xcstrings */,
			);
			path = DiskAnalyzer;
			sourceTree = "<group>";
		};
		4FCE0F7A2A911C3800ADF32B /* Frameworks */ = {
			isa = PBXGroup;
			children = (
				4FCE0F7D2A911C4700ADF32B /* Cocoa.framework */,
				4FCE0F7B2A911C3800ADF32B /* AppKit.framework */,
			);
			name = Frameworks;
			sourceTree = "<group>";
		};
		4FCE0F7F2A911DCB00ADF32B /* Volumes */ = {
			isa = PBXGroup;
			children = (
				4FCE0F802A911DE600ADF32B /* VolumesWindow.hpp */,
				4FCE0F812A911DE600ADF32B /* VolumesWindow.mm */,
				4FCE0F882A9121BF00ADF32B /* VolumesViewController.hpp */,
				4FCE0F892A9121BF00ADF32B /* VolumesViewController.mm */,
				4FA74A642A91E52900E092C0 /* VolumesViewModel.hpp */,
				4FA74A652A91E52900E092C0 /* VolumesViewModel.mm */,
				4FA74A672A91E63700E092C0 /* VolumesSectionModel.hpp */,
				4FA74A682A91E63700E092C0 /* VolumesSectionModel.mm */,
				4FA74A6A2A91E63F00E092C0 /* VolumesItemModel.hpp */,
				4FA74A6B2A91E64000E092C0 /* VolumesItemModel.mm */,
				4FA74A702A91F7F900E092C0 /* VolumesVolumeCollectionViewItem.hpp */,
				4FA74A712A91F7F900E092C0 /* VolumesVolumeCollectionViewItem.mm */,
			);
			path = Volumes;
			sourceTree = "<group>";
		};
/* End PBXGroup section */

/* Begin PBXNativeTarget section */
		4FCE0F632A911C0F00ADF32B /* DiskAnalyzer */ = {
			isa = PBXNativeTarget;
			buildConfigurationList = 4FCE0F772A911C1200ADF32B /* Build configuration list for PBXNativeTarget "DiskAnalyzer" */;
			buildPhases = (
				4FCE0F602A911C0F00ADF32B /* Sources */,
				4FCE0F612A911C0F00ADF32B /* Frameworks */,
				4FCE0F622A911C0F00ADF32B /* Resources */,
			);
			buildRules = (
			);
			dependencies = (
			);
			name = DiskAnalyzer;
			productName = DiskAnalyzer;
			productReference = 4FCE0F642A911C0F00ADF32B /* DiskAnalyzer.app */;
			productType = "com.apple.product-type.application";
		};
/* End PBXNativeTarget section */

/* Begin PBXProject section */
		4FCE0F5C2A911C0F00ADF32B /* Project object */ = {
			isa = PBXProject;
			attributes = {
				BuildIndependentTargetsInParallel = 1;
				LastUpgradeCheck = 1500;
				TargetAttributes = {
					4FCE0F632A911C0F00ADF32B = {
						CreatedOnToolsVersion = 15.0;
					};
				};
			};
			buildConfigurationList = 4FCE0F5F2A911C0F00ADF32B /* Build configuration list for PBXProject "DiskAnalyzer" */;
			compatibilityVersion = "Xcode 14.0";
			developmentRegion = en;
			hasScannedForEncodings = 0;
			knownRegions = (
				en,
				Base,
				ko,
			);
			mainGroup = 4FCE0F5B2A911C0F00ADF32B;
			productRefGroup = 4FCE0F652A911C0F00ADF32B /* Products */;
			projectDirPath = "";
			projectRoot = "";
			targets = (
				4FCE0F632A911C0F00ADF32B /* DiskAnalyzer */,
			);
		};
/* End PBXProject section */

/* Begin PBXResourcesBuildPhase section */
		4FCE0F622A911C0F00ADF32B /* Resources */ = {
			isa = PBXResourcesBuildPhase;
			buildActionMask = 2147483647;
			files = (
				4FCE0F872A911FAA00ADF32B /* Localizable.xcstrings in Resources */,
				4FCE0F6E2A911C1200ADF32B /* Assets.xcassets in Resources */,
			);
			runOnlyForDeploymentPostprocessing = 0;
		};
/* End PBXResourcesBuildPhase section */

/* Begin PBXSourcesBuildPhase section */
		4FCE0F602A911C0F00ADF32B /* Sources */ = {
			isa = PBXSourcesBuildPhase;
			buildActionMask = 2147483647;
			files = (
				4FA74A6C2A91E64000E092C0 /* VolumesItemModel.mm in Sources */,
				4FA74A662A91E52900E092C0 /* VolumesViewModel.mm in Sources */,
				4FCE0F822A911DE600ADF32B /* VolumesWindow.mm in Sources */,
				4FCE0F8A2A9121BF00ADF32B /* VolumesViewController.mm in Sources */,
				4FA74A722A91F7F900E092C0 /* VolumesVolumeCollectionViewItem.mm in Sources */,
				4FCE0F852A911E0D00ADF32B /* NSObject+Foundation_IvarDescription.mm in Sources */,
				4FA74A692A91E63700E092C0 /* VolumesSectionModel.mm in Sources */,
				4FCE0F732A911C1200ADF32B /* main.mm in Sources */,
				4FA74A7E2A92588900E092C0 /* AnalyzeWindow.mm in Sources */,
				4FA74A762A91F90100E092C0 /* NSTextField+LabelStyle.mm in Sources */,
				4FCE0F692A911C0F00ADF32B /* AppDelegate.mm in Sources */,
			);
			runOnlyForDeploymentPostprocessing = 0;
		};
/* End PBXSourcesBuildPhase section */

/* Begin XCBuildConfiguration section */
		4FCE0F752A911C1200ADF32B /* Debug */ = {
			isa = XCBuildConfiguration;
			buildSettings = {
				ALWAYS_SEARCH_USER_PATHS = NO;
				ASSETCATALOG_COMPILER_GENERATE_SWIFT_ASSET_SYMBOL_EXTENSIONS = YES;
				CLANG_ANALYZER_NONNULL = YES;
				CLANG_ANALYZER_NUMBER_OBJECT_CONVERSION = YES_AGGRESSIVE;
				CLANG_CXX_LANGUAGE_STANDARD = "gnu++20";
				CLANG_ENABLE_MODULES = YES;
				CLANG_ENABLE_OBJC_ARC = NO;
				CLANG_ENABLE_OBJC_WEAK = NO;
				CLANG_WARN_BLOCK_CAPTURE_AUTORELEASING = YES;
				CLANG_WARN_BOOL_CONVERSION = YES;
				CLANG_WARN_COMMA = YES;
				CLANG_WARN_CONSTANT_CONVERSION = YES;
				CLANG_WARN_DEPRECATED_OBJC_IMPLEMENTATIONS = YES;
				CLANG_WARN_DIRECT_OBJC_ISA_USAGE = YES_ERROR;
				CLANG_WARN_DOCUMENTATION_COMMENTS = YES;
				CLANG_WARN_EMPTY_BODY = YES;
				CLANG_WARN_ENUM_CONVERSION = YES;
				CLANG_WARN_INFINITE_RECURSION = YES;
				CLANG_WARN_INT_CONVERSION = YES;
				CLANG_WARN_NON_LITERAL_NULL_CONVERSION = YES;
				CLANG_WARN_OBJC_IMPLICIT_RETAIN_SELF = YES;
				CLANG_WARN_OBJC_LITERAL_CONVERSION = YES;
				CLANG_WARN_OBJC_ROOT_CLASS = YES_ERROR;
				CLANG_WARN_QUOTED_INCLUDE_IN_FRAMEWORK_HEADER = YES;
				CLANG_WARN_RANGE_LOOP_ANALYSIS = YES;
				CLANG_WARN_STRICT_PROTOTYPES = YES;
				CLANG_WARN_SUSPICIOUS_MOVE = YES;
				CLANG_WARN_UNGUARDED_AVAILABILITY = YES_AGGRESSIVE;
				CLANG_WARN_UNREACHABLE_CODE = YES;
				CLANG_WARN__DUPLICATE_METHOD_MATCH = YES;
				COPY_PHASE_STRIP = NO;
				DEBUG_INFORMATION_FORMAT = dwarf;
				ENABLE_STRICT_OBJC_MSGSEND = YES;
				ENABLE_TESTABILITY = YES;
				ENABLE_USER_SCRIPT_SANDBOXING = YES;
				GCC_C_LANGUAGE_STANDARD = gnu17;
				GCC_DYNAMIC_NO_PIC = NO;
				GCC_NO_COMMON_BLOCKS = YES;
				GCC_OPTIMIZATION_LEVEL = 0;
				GCC_PREPROCESSOR_DEFINITIONS = (
					"DEBUG=1",
					"$(inherited)",
				);
				GCC_WARN_64_TO_32_BIT_CONVERSION = YES;
				GCC_WARN_ABOUT_RETURN_TYPE = YES_ERROR;
				GCC_WARN_UNDECLARED_SELECTOR = YES;
				GCC_WARN_UNINITIALIZED_AUTOS = YES_AGGRESSIVE;
				GCC_WARN_UNUSED_FUNCTION = YES;
				GCC_WARN_UNUSED_VARIABLE = YES;
				LOCALIZATION_PREFERS_STRING_CATALOGS = YES;
				MACOSX_DEPLOYMENT_TARGET = 14.0;
				MTL_ENABLE_DEBUG_INFO = INCLUDE_SOURCE;
				MTL_FAST_MATH = YES;
				ONLY_ACTIVE_ARCH = YES;
				SDKROOT = macosx;
			};
			name = Debug;
		};
		4FCE0F762A911C1200ADF32B /* Release */ = {
			isa = XCBuildConfiguration;
			buildSettings = {
				ALWAYS_SEARCH_USER_PATHS = NO;
				ASSETCATALOG_COMPILER_GENERATE_SWIFT_ASSET_SYMBOL_EXTENSIONS = YES;
				CLANG_ANALYZER_NONNULL = YES;
				CLANG_ANALYZER_NUMBER_OBJECT_CONVERSION = YES_AGGRESSIVE;
				CLANG_CXX_LANGUAGE_STANDARD = "gnu++20";
				CLANG_ENABLE_MODULES = YES;
				CLANG_ENABLE_OBJC_ARC = NO;
				CLANG_ENABLE_OBJC_WEAK = NO;
				CLANG_WARN_BLOCK_CAPTURE_AUTORELEASING = YES;
				CLANG_WARN_BOOL_CONVERSION = YES;
				CLANG_WARN_COMMA = YES;
				CLANG_WARN_CONSTANT_CONVERSION = YES;
				CLANG_WARN_DEPRECATED_OBJC_IMPLEMENTATIONS = YES;
				CLANG_WARN_DIRECT_OBJC_ISA_USAGE = YES_ERROR;
				CLANG_WARN_DOCUMENTATION_COMMENTS = YES;
				CLANG_WARN_EMPTY_BODY = YES;
				CLANG_WARN_ENUM_CONVERSION = YES;
				CLANG_WARN_INFINITE_RECURSION = YES;
				CLANG_WARN_INT_CONVERSION = YES;
				CLANG_WARN_NON_LITERAL_NULL_CONVERSION = YES;
				CLANG_WARN_OBJC_IMPLICIT_RETAIN_SELF = YES;
				CLANG_WARN_OBJC_LITERAL_CONVERSION = YES;
				CLANG_WARN_OBJC_ROOT_CLASS = YES_ERROR;
				CLANG_WARN_QUOTED_INCLUDE_IN_FRAMEWORK_HEADER = YES;
				CLANG_WARN_RANGE_LOOP_ANALYSIS = YES;
				CLANG_WARN_STRICT_PROTOTYPES = YES;
				CLANG_WARN_SUSPICIOUS_MOVE = YES;
				CLANG_WARN_UNGUARDED_AVAILABILITY = YES_AGGRESSIVE;
				CLANG_WARN_UNREACHABLE_CODE = YES;
				CLANG_WARN__DUPLICATE_METHOD_MATCH = YES;
				COPY_PHASE_STRIP = NO;
				DEBUG_INFORMATION_FORMAT = "dwarf-with-dsym";
				ENABLE_NS_ASSERTIONS = NO;
				ENABLE_STRICT_OBJC_MSGSEND = YES;
				ENABLE_USER_SCRIPT_SANDBOXING = YES;
				GCC_C_LANGUAGE_STANDARD = gnu17;
				GCC_NO_COMMON_BLOCKS = YES;
				GCC_WARN_64_TO_32_BIT_CONVERSION = YES;
				GCC_WARN_ABOUT_RETURN_TYPE = YES_ERROR;
				GCC_WARN_UNDECLARED_SELECTOR = YES;
				GCC_WARN_UNINITIALIZED_AUTOS = YES_AGGRESSIVE;
				GCC_WARN_UNUSED_FUNCTION = YES;
				GCC_WARN_UNUSED_VARIABLE = YES;
				LOCALIZATION_PREFERS_STRING_CATALOGS = YES;
				MACOSX_DEPLOYMENT_TARGET = 14.0;
				MTL_ENABLE_DEBUG_INFO = NO;
				MTL_FAST_MATH = YES;
				SDKROOT = macosx;
			};
			name = Release;
		};
		4FCE0F782A911C1200ADF32B /* Debug */ = {
			isa = XCBuildConfiguration;
			buildSettings = {
				ASSETCATALOG_COMPILER_APPICON_NAME = AppIcon;
				ASSETCATALOG_COMPILER_GLOBAL_ACCENT_COLOR_NAME = AccentColor;
				CODE_SIGN_ENTITLEMENTS = DiskAnalyzer/DiskAnalyzer.entitlements;
				CODE_SIGN_STYLE = Automatic;
				COMBINE_HIDPI_IMAGES = YES;
				CURRENT_PROJECT_VERSION = 1;
				DEVELOPMENT_TEAM = P53D29U9LJ;
				ENABLE_HARDENED_RUNTIME = YES;
				GENERATE_INFOPLIST_FILE = YES;
				INFOPLIST_KEY_NSHumanReadableCopyright = "";
				INFOPLIST_KEY_NSPrincipalClass = NSApplication;
				LD_RUNPATH_SEARCH_PATHS = (
					"$(inherited)",
					"@executable_path/../Frameworks",
				);
				MARKETING_VERSION = 1.0;
				PRODUCT_BUNDLE_IDENTIFIER = com.pookjw.DiskAnalyzer;
				PRODUCT_NAME = "$(TARGET_NAME)";
				SWIFT_EMIT_LOC_STRINGS = YES;
			};
			name = Debug;
		};
		4FCE0F792A911C1200ADF32B /* Release */ = {
			isa = XCBuildConfiguration;
			buildSettings = {
				ASSETCATALOG_COMPILER_APPICON_NAME = AppIcon;
				ASSETCATALOG_COMPILER_GLOBAL_ACCENT_COLOR_NAME = AccentColor;
				CODE_SIGN_ENTITLEMENTS = DiskAnalyzer/DiskAnalyzer.entitlements;
				CODE_SIGN_STYLE = Automatic;
				COMBINE_HIDPI_IMAGES = YES;
				CURRENT_PROJECT_VERSION = 1;
				DEVELOPMENT_TEAM = P53D29U9LJ;
				ENABLE_HARDENED_RUNTIME = YES;
				GENERATE_INFOPLIST_FILE = YES;
				INFOPLIST_KEY_NSHumanReadableCopyright = "";
				INFOPLIST_KEY_NSPrincipalClass = NSApplication;
				LD_RUNPATH_SEARCH_PATHS = (
					"$(inherited)",
					"@executable_path/../Frameworks",
				);
				MARKETING_VERSION = 1.0;
				PRODUCT_BUNDLE_IDENTIFIER = com.pookjw.DiskAnalyzer;
				PRODUCT_NAME = "$(TARGET_NAME)";
				SWIFT_EMIT_LOC_STRINGS = YES;
			};
			name = Release;
		};
/* End XCBuildConfiguration section */

/* Begin XCConfigurationList section */
		4FCE0F5F2A911C0F00ADF32B /* Build configuration list for PBXProject "DiskAnalyzer" */ = {
			isa = XCConfigurationList;
			buildConfigurations = (
				4FCE0F752A911C1200ADF32B /* Debug */,
				4FCE0F762A911C1200ADF32B /* Release */,
			);
			defaultConfigurationIsVisible = 0;
			defaultConfigurationName = Release;
		};
		4FCE0F772A911C1200ADF32B /* Build configuration list for PBXNativeTarget "DiskAnalyzer" */ = {
			isa = XCConfigurationList;
			buildConfigurations = (
				4FCE0F782A911C1200ADF32B /* Debug */,
				4FCE0F792A911C1200ADF32B /* Release */,
			);
			defaultConfigurationIsVisible = 0;
			defaultConfigurationName = Release;
		};
/* End XCConfigurationList section */
	};
	rootObject = 4FCE0F5C2A911C0F00ADF32B /* Project object */;
}
